
Microsoft Visual Studio Solution File, Format Version 12.00
# Visual Studio 15
VisualStudioVersion = 15.0.28107.0
MinimumVisualStudioVersion = 10.0.40219.1
Project("{2150E333-8FDC-42A3-9474-1A3956D46DE8}") = "src", "src", "{5FE74888-D0E5-4C59-A029-0FC25A34F799}"
EndProject
Project("{2150E333-8FDC-42A3-9474-1A3956D46DE8}") = "00", "00", "{FB8C96AE-9461-46F6-B463-C076ECD274F8}"
EndProject
Project("{9A19103F-16F7-4668-BE54-9A1E7A4F7556}") = "Common", "src\Common\Common.csproj", "{E4E4307F-9D4E-49CC-B1D5-C1E763E2EFD9}"
EndProject
Project("{2150E333-8FDC-42A3-9474-1A3956D46DE8}") = "01_Json", "01_Json", "{679F7438-31BC-4C73-8982-8C7B6116816C}"
EndProject
Project("{2150E333-8FDC-42A3-9474-1A3956D46DE8}") = "20_Swagger", "20_Swagger", "{32D21E3E-6DD9-415D-940A-9B20013B31F6}"
EndProject
Project("{2150E333-8FDC-42A3-9474-1A3956D46DE8}") = "30_OData", "30_OData", "{C1BF48B0-5285-4764-A447-E94E2A752003}"
EndProject
Project("{2150E333-8FDC-42A3-9474-1A3956D46DE8}") = "60_Hateoas", "60_Hateoas", "{5CF050EC-B54A-480F-8833-598EF4A04C60}"
EndProject
Project("{2150E333-8FDC-42A3-9474-1A3956D46DE8}") = "10_SDK", "10_SDK", "{51645DAD-5CE5-4262-B292-146AE41869BF}"
EndProject
Project("{2150E333-8FDC-42A3-9474-1A3956D46DE8}") = "70_GraphQL", "70_GraphQL", "{7907AC92-A035-456D-99B7-810E1FC377E7}"
EndProject
Project("{9A19103F-16F7-4668-BE54-9A1E7A4F7556}") = "SimpleJsonApi", "src\SimpleJsonApi\SimpleJsonApi.csproj", "{AFB56FB4-7EB4-459F-8499-624F1DB88ACB}"
EndProject
Project("{9A19103F-16F7-4668-BE54-9A1E7A4F7556}") = "NSwagApi", "src\NSwagApi\NSwagApi.csproj", "{ADF6E4CF-1100-4723-93E5-C4833587367C}"
EndProject
Project("{9A19103F-16F7-4668-BE54-9A1E7A4F7556}") = "ApiSdk", "src\ApiSdk\ApiSdk.csproj", "{754A75B9-9728-42E1-8306-F78519E53A0D}"
EndProject
Project("{9A19103F-16F7-4668-BE54-9A1E7A4F7556}") = "SwashbuckleApi", "src\SwashbuckleApi\SwashbuckleApi.csproj", "{06EDEAD4-3617-49CD-889E-FEDA3AECEDD9}"
EndProject
Project("{9A19103F-16F7-4668-BE54-9A1E7A4F7556}") = "JsonSdkApi", "src\JsonSdkApi\JsonSdkApi.csproj", "{66AD5A67-DB1C-48D7-BECE-7F27714CFE85}"
EndProject
Project("{9A19103F-16F7-4668-BE54-9A1E7A4F7556}") = "ApiSdk.Mapper", "src\ApiSdk.Mapper\ApiSdk.Mapper.csproj", "{8B856D7A-8409-419A-9AE3-CDA4FCAD4642}"
EndProject
Project("{9A19103F-16F7-4668-BE54-9A1E7A4F7556}") = "ODataApi", "src\ODataApi\ODataApi.csproj", "{E3BFFB67-0580-4C2B-88CE-8149B71ABA99}"
EndProject
Project("{9A19103F-16F7-4668-BE54-9A1E7A4F7556}") = "SimpleHypermediaApi", "src\SimpleHypermediaApi\SimpleHypermediaApi.csproj", "{379FEE1E-8CDD-4EDB-8563-E9A63F4240A4}"
EndProject
Project("{2150E333-8FDC-42A3-9474-1A3956D46DE8}") = "25_Hypermedia", "25_Hypermedia", "{55B0678D-1DBB-4B52-A2AB-FA0797D4AB3A}"
EndProject
Project("{9A19103F-16F7-4668-BE54-9A1E7A4F7556}") = "Common.Engine", "src\Common.Engine\Common.Engine.csproj", "{0F3FF5E7-9F13-4D7F-8AC3-EF041262FCF4}"
EndProject
Project("{9A19103F-16F7-4668-BE54-9A1E7A4F7556}") = "Common.AspNetCore", "src\Common.AspNetCore\Common.AspNetCore.csproj", "{B88D4937-18E7-4203-AD52-DE21C148A37A}"
EndProject
Project("{9A19103F-16F7-4668-BE54-9A1E7A4F7556}") = "GraphQLApi", "src\GraphQLApi\GraphQLApi.csproj", "{B2E87E86-B133-4773-B249-8EF1CAD5AAA2}"
EndProject
Project("{2150E333-8FDC-42A3-9474-1A3956D46DE8}") = "_", "_", "{C62B14A1-2822-47EC-93DB-92CD27F59A87}"
	ProjectSection(SolutionItems) = preProject
		.gitignore = .gitignore
		Readme.md = Readme.md
	EndProjectSection
EndProject
Global
	GlobalSection(SolutionConfigurationPlatforms) = preSolution
		Debug|Any CPU = Debug|Any CPU
		Release|Any CPU = Release|Any CPU
	EndGlobalSection
	GlobalSection(ProjectConfigurationPlatforms) = postSolution
		{E4E4307F-9D4E-49CC-B1D5-C1E763E2EFD9}.Debug|Any CPU.ActiveCfg = Debug|Any CPU
		{E4E4307F-9D4E-49CC-B1D5-C1E763E2EFD9}.Debug|Any CPU.Build.0 = Debug|Any CPU
		{E4E4307F-9D4E-49CC-B1D5-C1E763E2EFD9}.Release|Any CPU.ActiveCfg = Release|Any CPU
		{E4E4307F-9D4E-49CC-B1D5-C1E763E2EFD9}.Release|Any CPU.Build.0 = Release|Any CPU
		{AFB56FB4-7EB4-459F-8499-624F1DB88ACB}.Debug|Any CPU.ActiveCfg = Debug|Any CPU
		{AFB56FB4-7EB4-459F-8499-624F1DB88ACB}.Debug|Any CPU.Build.0 = Debug|Any CPU
		{AFB56FB4-7EB4-459F-8499-624F1DB88ACB}.Release|Any CPU.ActiveCfg = Release|Any CPU
		{AFB56FB4-7EB4-459F-8499-624F1DB88ACB}.Release|Any CPU.Build.0 = Release|Any CPU
		{ADF6E4CF-1100-4723-93E5-C4833587367C}.Debug|Any CPU.ActiveCfg = Debug|Any CPU
		{ADF6E4CF-1100-4723-93E5-C4833587367C}.Debug|Any CPU.Build.0 = Debug|Any CPU
		{ADF6E4CF-1100-4723-93E5-C4833587367C}.Release|Any CPU.ActiveCfg = Release|Any CPU
		{ADF6E4CF-1100-4723-93E5-C4833587367C}.Release|Any CPU.Build.0 = Release|Any CPU
		{754A75B9-9728-42E1-8306-F78519E53A0D}.Debug|Any CPU.ActiveCfg = Debug|Any CPU
		{754A75B9-9728-42E1-8306-F78519E53A0D}.Debug|Any CPU.Build.0 = Debug|Any CPU
		{754A75B9-9728-42E1-8306-F78519E53A0D}.Release|Any CPU.ActiveCfg = Release|Any CPU
		{754A75B9-9728-42E1-8306-F78519E53A0D}.Release|Any CPU.Build.0 = Release|Any CPU
		{06EDEAD4-3617-49CD-889E-FEDA3AECEDD9}.Debug|Any CPU.ActiveCfg = Debug|Any CPU
		{06EDEAD4-3617-49CD-889E-FEDA3AECEDD9}.Debug|Any CPU.Build.0 = Debug|Any CPU
		{06EDEAD4-3617-49CD-889E-FEDA3AECEDD9}.Release|Any CPU.ActiveCfg = Release|Any CPU
		{06EDEAD4-3617-49CD-889E-FEDA3AECEDD9}.Release|Any CPU.Build.0 = Release|Any CPU
		{66AD5A67-DB1C-48D7-BECE-7F27714CFE85}.Debug|Any CPU.ActiveCfg = Debug|Any CPU
		{66AD5A67-DB1C-48D7-BECE-7F27714CFE85}.Debug|Any CPU.Build.0 = Debug|Any CPU
		{66AD5A67-DB1C-48D7-BECE-7F27714CFE85}.Release|Any CPU.ActiveCfg = Release|Any CPU
		{66AD5A67-DB1C-48D7-BECE-7F27714CFE85}.Release|Any CPU.Build.0 = Release|Any CPU
		{8B856D7A-8409-419A-9AE3-CDA4FCAD4642}.Debug|Any CPU.ActiveCfg = Debug|Any CPU
		{8B856D7A-8409-419A-9AE3-CDA4FCAD4642}.Debug|Any CPU.Build.0 = Debug|Any CPU
		{8B856D7A-8409-419A-9AE3-CDA4FCAD4642}.Release|Any CPU.ActiveCfg = Release|Any CPU
		{8B856D7A-8409-419A-9AE3-CDA4FCAD4642}.Release|Any CPU.Build.0 = Release|Any CPU
		{E3BFFB67-0580-4C2B-88CE-8149B71ABA99}.Debug|Any CPU.ActiveCfg = Debug|Any CPU
		{E3BFFB67-0580-4C2B-88CE-8149B71ABA99}.Debug|Any CPU.Build.0 = Debug|Any CPU
		{E3BFFB67-0580-4C2B-88CE-8149B71ABA99}.Release|Any CPU.ActiveCfg = Release|Any CPU
		{E3BFFB67-0580-4C2B-88CE-8149B71ABA99}.Release|Any CPU.Build.0 = Release|Any CPU
		{379FEE1E-8CDD-4EDB-8563-E9A63F4240A4}.Debug|Any CPU.ActiveCfg = Debug|Any CPU
		{379FEE1E-8CDD-4EDB-8563-E9A63F4240A4}.Debug|Any CPU.Build.0 = Debug|Any CPU
		{379FEE1E-8CDD-4EDB-8563-E9A63F4240A4}.Release|Any CPU.ActiveCfg = Release|Any CPU
		{379FEE1E-8CDD-4EDB-8563-E9A63F4240A4}.Release|Any CPU.Build.0 = Release|Any CPU
		{0F3FF5E7-9F13-4D7F-8AC3-EF041262FCF4}.Debug|Any CPU.ActiveCfg = Debug|Any CPU
		{0F3FF5E7-9F13-4D7F-8AC3-EF041262FCF4}.Debug|Any CPU.Build.0 = Debug|Any CPU
		{0F3FF5E7-9F13-4D7F-8AC3-EF041262FCF4}.Release|Any CPU.ActiveCfg = Release|Any CPU
		{0F3FF5E7-9F13-4D7F-8AC3-EF041262FCF4}.Release|Any CPU.Build.0 = Release|Any CPU
		{B88D4937-18E7-4203-AD52-DE21C148A37A}.Debug|Any CPU.ActiveCfg = Debug|Any CPU
		{B88D4937-18E7-4203-AD52-DE21C148A37A}.Debug|Any CPU.Build.0 = Debug|Any CPU
		{B88D4937-18E7-4203-AD52-DE21C148A37A}.Release|Any CPU.ActiveCfg = Release|Any CPU
		{B88D4937-18E7-4203-AD52-DE21C148A37A}.Release|Any CPU.Build.0 = Release|Any CPU
		{B2E87E86-B133-4773-B249-8EF1CAD5AAA2}.Debug|Any CPU.ActiveCfg = Debug|Any CPU
		{B2E87E86-B133-4773-B249-8EF1CAD5AAA2}.Debug|Any CPU.Build.0 = Debug|Any CPU
		{B2E87E86-B133-4773-B249-8EF1CAD5AAA2}.Release|Any CPU.ActiveCfg = Release|Any CPU
		{B2E87E86-B133-4773-B249-8EF1CAD5AAA2}.Release|Any CPU.Build.0 = Release|Any CPU
	EndGlobalSection
	GlobalSection(SolutionProperties) = preSolution
		HideSolutionNode = FALSE
	EndGlobalSection
	GlobalSection(NestedProjects) = preSolution
		{FB8C96AE-9461-46F6-B463-C076ECD274F8} = {5FE74888-D0E5-4C59-A029-0FC25A34F799}
		{E4E4307F-9D4E-49CC-B1D5-C1E763E2EFD9} = {FB8C96AE-9461-46F6-B463-C076ECD274F8}
		{679F7438-31BC-4C73-8982-8C7B6116816C} = {5FE74888-D0E5-4C59-A029-0FC25A34F799}
		{32D21E3E-6DD9-415D-940A-9B20013B31F6} = {5FE74888-D0E5-4C59-A029-0FC25A34F799}
		{C1BF48B0-5285-4764-A447-E94E2A752003} = {5FE74888-D0E5-4C59-A029-0FC25A34F799}
		{5CF050EC-B54A-480F-8833-598EF4A04C60} = {5FE74888-D0E5-4C59-A029-0FC25A34F799}
		{51645DAD-5CE5-4262-B292-146AE41869BF} = {5FE74888-D0E5-4C59-A029-0FC25A34F799}
		{7907AC92-A035-456D-99B7-810E1FC377E7} = {5FE74888-D0E5-4C59-A029-0FC25A34F799}
		{AFB56FB4-7EB4-459F-8499-624F1DB88ACB} = {679F7438-31BC-4C73-8982-8C7B6116816C}
		{ADF6E4CF-1100-4723-93E5-C4833587367C} = {32D21E3E-6DD9-415D-940A-9B20013B31F6}
		{754A75B9-9728-42E1-8306-F78519E53A0D} = {51645DAD-5CE5-4262-B292-146AE41869BF}
		{06EDEAD4-3617-49CD-889E-FEDA3AECEDD9} = {32D21E3E-6DD9-415D-940A-9B20013B31F6}
		{66AD5A67-DB1C-48D7-BECE-7F27714CFE85} = {51645DAD-5CE5-4262-B292-146AE41869BF}
		{8B856D7A-8409-419A-9AE3-CDA4FCAD4642} = {51645DAD-5CE5-4262-B292-146AE41869BF}
		{E3BFFB67-0580-4C2B-88CE-8149B71ABA99} = {C1BF48B0-5285-4764-A447-E94E2A752003}
		{379FEE1E-8CDD-4EDB-8563-E9A63F4240A4} = {55B0678D-1DBB-4B52-A2AB-FA0797D4AB3A}
		{55B0678D-1DBB-4B52-A2AB-FA0797D4AB3A} = {5FE74888-D0E5-4C59-A029-0FC25A34F799}
		{0F3FF5E7-9F13-4D7F-8AC3-EF041262FCF4} = {FB8C96AE-9461-46F6-B463-C076ECD274F8}
		{B88D4937-18E7-4203-AD52-DE21C148A37A} = {FB8C96AE-9461-46F6-B463-C076ECD274F8}
		{B2E87E86-B133-4773-B249-8EF1CAD5AAA2} = {7907AC92-A035-456D-99B7-810E1FC377E7}
	EndGlobalSection
	GlobalSection(ExtensibilityGlobals) = postSolution
		SolutionGuid = {A97F1DF5-9DAF-4739-AA3D-1F7E245AD814}
	EndGlobalSection
EndGlobal
